
Microsoft Visual Studio Solution File, Format Version 12.00
# Visual Studio Version 17
VisualStudioVersion = 17.10.35122.118
MinimumVisualStudioVersion = 10.0.40219.1
Project("{FAE04EC0-301F-11D3-BF4B-00C04F79EFBC}") = "Fundamentos", "Fundamentos\Fundamentos.csproj", "{C869AFC6-93BC-4BE3-B164-05FDE311AABB}"
EndProject
Global
	GlobalSection(SolutionConfigurationPlatforms) = preSolution
		Debug|Any CPU = Debug|Any CPU
		Release|Any CPU = Release|Any CPU
	EndGlobalSection
	GlobalSection(ProjectConfigurationPlatforms) = postSolution
		{C869AFC6-93BC-4BE3-B164-05FDE311AABB}.Debug|Any CPU.ActiveCfg = Debug|Any CPU
		{C869AFC6-93BC-4BE3-B164-05FDE311AABB}.Debug|Any CPU.Build.0 = Debug|Any CPU
		{C869AFC6-93BC-4BE3-B164-05FDE311AABB}.Release|Any CPU.ActiveCfg = Release|Any CPU
		{C869AFC6-93BC-4BE3-B164-05FDE311AABB}.Release|Any CPU.Build.0 = Release|Any CPU
	EndGlobalSection
	GlobalSection(SolutionProperties) = preSolution
		HideSolutionNode = FALSE
	EndGlobalSection
	GlobalSection(ExtensibilityGlobals) = postSolution
		SolutionGuid = {0567CB28-B1D4-4651-8FF0-90BF209F4974}
	EndGlobalSection
EndGlobal
